{
    "_readme": [
        "This file locks the dependencies of your project to a known state",
        "Read more about it at https://getcomposer.org/doc/01-basic-usage.md#composer-lock-the-lock-file",
        "This file is @generated automatically"
    ],
    "content-hash": "6e1ce47f91217f9114c90f6823377f09",
    "packages": [
        {
            "name": "cboden/ratchet",
            "version": "v0.3.6",
            "source": {
                "type": "git",
                "url": "https://github.com/ratchetphp/Ratchet.git",
                "reference": "84df35d2a6576985b9e81b564d3c25809f8d647e"
            },
            "dist": {
                "type": "zip",
                "url": "https://api.github.com/repos/ratchetphp/Ratchet/zipball/84df35d2a6576985b9e81b564d3c25809f8d647e",
                "reference": "84df35d2a6576985b9e81b564d3c25809f8d647e",
                "shasum": ""
            },
            "require": {
                "guzzle/http": "^3.6",
                "php": ">=5.3.9",
                "react/socket": "^0.3 || ^0.4",
                "symfony/http-foundation": "^2.2|^3.0",
                "symfony/routing": "^2.2|^3.0"
            },
            "type": "library",
            "autoload": {
                "psr-4": {
                    "Ratchet\\": "src/Ratchet"
                }
            },
            "notification-url": "https://packagist.org/downloads/",
            "license": [
                "MIT"
            ],
            "authors": [
                {
                    "name": "Chris Boden",
                    "email": "cboden@gmail.com",
                    "role": "Developer"
                }
            ],
            "description": "PHP WebSocket library",
            "homepage": "http://socketo.me",
            "keywords": [
                "Ratchet",
                "WebSockets",
                "server",
                "sockets"
            ],
            "time": "2017-01-06T14:36:36+00:00"
        },
        {
            "name": "cilex/cilex",
            "version": "2.0.0",
            "source": {
                "type": "git",
                "url": "https://github.com/Cilex/Cilex.git",
                "reference": "c5612545cceac9fadc6ad6dcf6ba28fb0c80c460"
            },
            "dist": {
                "type": "zip",
                "url": "https://api.github.com/repos/Cilex/Cilex/zipball/c5612545cceac9fadc6ad6dcf6ba28fb0c80c460",
                "reference": "c5612545cceac9fadc6ad6dcf6ba28fb0c80c460",
                "shasum": ""
            },
            "require": {
                "php": ">=5.5.9",
                "pimple/pimple": "^3.0",
                "silex/api": "^2.0",
                "symfony/console": "^2.7 || ^3.0",
                "symfony/event-dispatcher": "^2.7 || ^3.0",
                "symfony/process": "^2.7 || ^3.0"
            },
            "require-dev": {
                "phpunit/phpunit": "~3.7"
            },
            "suggest": {
                "symfony/validator": "^2.7 || ^3.0",
                "symfony/yaml": "^2.7 || ^3.0"
            },
            "type": "library",
            "extra": {
                "branch-alias": {
                    "dev-develop": "2.x-dev"
                }
            },
            "autoload": {
                "psr-4": {
                    "Cilex\\": "src/Cilex"
                }
            },
            "notification-url": "https://packagist.org/downloads/",
            "license": [
                "MIT"
            ],
            "authors": [
                {
                    "name": "Mike van Riel",
                    "email": "me@mikevanriel.com"
                }
            ],
            "description": "The PHP micro-framework for Command line tools based on the Symfony2 Components",
            "homepage": "http://cilex.github.com",
            "keywords": [
                "cli",
                "microframework"
            ],
            "time": "2016-11-20T14:31:12+00:00"
        },
        {
            "name": "evenement/evenement",
            "version": "v2.0.0",
            "source": {
                "type": "git",
                "url": "https://github.com/igorw/evenement.git",
                "reference": "f6e843799fd4f4184d54d8fc7b5b3551c9fa803e"
            },
            "dist": {
                "type": "zip",
                "url": "https://api.github.com/repos/igorw/evenement/zipball/f6e843799fd4f4184d54d8fc7b5b3551c9fa803e",
                "reference": "f6e843799fd4f4184d54d8fc7b5b3551c9fa803e",
                "shasum": ""
            },
            "require": {
                "php": ">=5.4.0"
            },
            "type": "library",
            "extra": {
                "branch-alias": {
                    "dev-master": "2.0-dev"
                }
            },
            "autoload": {
                "psr-0": {
                    "Evenement": "src"
                }
            },
            "notification-url": "https://packagist.org/downloads/",
            "license": [
                "MIT"
            ],
            "authors": [
                {
                    "name": "Igor Wiedler",
                    "email": "igor@wiedler.ch",
                    "homepage": "http://wiedler.ch/igor/"
                }
            ],
            "description": "Événement is a very simple event dispatching library for PHP",
            "keywords": [
                "event-dispatcher",
                "event-emitter"
            ],
            "time": "2012-11-02T14:49:47+00:00"
        },
        {
            "name": "guzzle/guzzle",
            "version": "v3.9.3",
            "source": {
                "type": "git",
                "url": "https://github.com/guzzle/guzzle3.git",
                "reference": "0645b70d953bc1c067bbc8d5bc53194706b628d9"
            },
            "dist": {
                "type": "zip",
                "url": "https://api.github.com/repos/guzzle/guzzle3/zipball/0645b70d953bc1c067bbc8d5bc53194706b628d9",
                "reference": "0645b70d953bc1c067bbc8d5bc53194706b628d9",
                "shasum": ""
            },
            "require": {
                "ext-curl": "*",
                "php": ">=5.3.3",
                "symfony/event-dispatcher": "~2.1"
            },
            "replace": {
                "guzzle/batch": "self.version",
                "guzzle/cache": "self.version",
                "guzzle/common": "self.version",
                "guzzle/http": "self.version",
                "guzzle/inflection": "self.version",
                "guzzle/iterator": "self.version",
                "guzzle/log": "self.version",
                "guzzle/parser": "self.version",
                "guzzle/plugin": "self.version",
                "guzzle/plugin-async": "self.version",
                "guzzle/plugin-backoff": "self.version",
                "guzzle/plugin-cache": "self.version",
                "guzzle/plugin-cookie": "self.version",
                "guzzle/plugin-curlauth": "self.version",
                "guzzle/plugin-error-response": "self.version",
                "guzzle/plugin-history": "self.version",
                "guzzle/plugin-log": "self.version",
                "guzzle/plugin-md5": "self.version",
                "guzzle/plugin-mock": "self.version",
                "guzzle/plugin-oauth": "self.version",
                "guzzle/service": "self.version",
                "guzzle/stream": "self.version"
            },
            "require-dev": {
                "doctrine/cache": "~1.3",
                "monolog/monolog": "~1.0",
                "phpunit/phpunit": "3.7.*",
                "psr/log": "~1.0",
                "symfony/class-loader": "~2.1",
                "zendframework/zend-cache": "2.*,<2.3",
                "zendframework/zend-log": "2.*,<2.3"
            },
            "suggest": {
                "guzzlehttp/guzzle": "Guzzle 5 has moved to a new package name. The package you have installed, Guzzle 3, is deprecated."
            },
            "type": "library",
            "extra": {
                "branch-alias": {
                    "dev-master": "3.9-dev"
                }
            },
            "autoload": {
                "psr-0": {
                    "Guzzle": "src/",
                    "Guzzle\\Tests": "tests/"
                }
            },
            "notification-url": "https://packagist.org/downloads/",
            "license": [
                "MIT"
            ],
            "authors": [
                {
                    "name": "Michael Dowling",
                    "email": "mtdowling@gmail.com",
                    "homepage": "https://github.com/mtdowling"
                },
                {
                    "name": "Guzzle Community",
                    "homepage": "https://github.com/guzzle/guzzle/contributors"
                }
            ],
            "description": "PHP HTTP client. This library is deprecated in favor of https://packagist.org/packages/guzzlehttp/guzzle",
            "homepage": "http://guzzlephp.org/",
            "keywords": [
                "client",
                "curl",
                "framework",
                "http",
                "http client",
                "rest",
                "web service"
            ],
            "abandoned": "guzzlehttp/guzzle",
            "time": "2015-03-18T18:23:50+00:00"
        },
        {
            "name": "pimple/pimple",
            "version": "v3.0.2",
            "source": {
                "type": "git",
                "url": "https://github.com/silexphp/Pimple.git",
                "reference": "a30f7d6e57565a2e1a316e1baf2a483f788b258a"
            },
            "dist": {
                "type": "zip",
                "url": "https://api.github.com/repos/silexphp/Pimple/zipball/a30f7d6e57565a2e1a316e1baf2a483f788b258a",
                "reference": "a30f7d6e57565a2e1a316e1baf2a483f788b258a",
                "shasum": ""
            },
            "require": {
                "php": ">=5.3.0"
            },
            "type": "library",
            "extra": {
                "branch-alias": {
                    "dev-master": "3.0.x-dev"
                }
            },
            "autoload": {
                "psr-0": {
                    "Pimple": "src/"
                }
            },
            "notification-url": "https://packagist.org/downloads/",
            "license": [
                "MIT"
            ],
            "authors": [
                {
                    "name": "Fabien Potencier",
                    "email": "fabien@symfony.com"
                }
            ],
            "description": "Pimple, a simple Dependency Injection Container",
            "homepage": "http://pimple.sensiolabs.org",
            "keywords": [
                "container",
                "dependency injection"
            ],
            "time": "2015-09-11T15:10:35+00:00"
        },
        {
            "name": "psr/log",
            "version": "1.0.2",
            "source": {
                "type": "git",
                "url": "https://github.com/php-fig/log.git",
                "reference": "4ebe3a8bf773a19edfe0a84b6585ba3d401b724d"
            },
            "dist": {
                "type": "zip",
                "url": "https://api.github.com/repos/php-fig/log/zipball/4ebe3a8bf773a19edfe0a84b6585ba3d401b724d",
                "reference": "4ebe3a8bf773a19edfe0a84b6585ba3d401b724d",
                "shasum": ""
            },
            "require": {
                "php": ">=5.3.0"
            },
            "type": "library",
            "extra": {
                "branch-alias": {
                    "dev-master": "1.0.x-dev"
                }
            },
            "autoload": {
                "psr-4": {
                    "Psr\\Log\\": "Psr/Log/"
                }
            },
            "notification-url": "https://packagist.org/downloads/",
            "license": [
                "MIT"
            ],
            "authors": [
                {
                    "name": "PHP-FIG",
                    "homepage": "http://www.php-fig.org/"
                }
            ],
            "description": "Common interface for logging libraries",
            "homepage": "https://github.com/php-fig/log",
            "keywords": [
                "log",
                "psr",
                "psr-3"
            ],
            "time": "2016-10-10T12:19:37+00:00"
        },
        {
            "name": "ratchet/pawl",
            "version": "v0.1.2",
            "source": {
                "type": "git",
                "url": "https://github.com/ratchetphp/Pawl.git",
                "reference": "b58948f6244e07bfcc8c8b824862ce41b1dad0d3"
            },
            "dist": {
                "type": "zip",
                "url": "https://api.github.com/repos/ratchetphp/Pawl/zipball/b58948f6244e07bfcc8c8b824862ce41b1dad0d3",
                "reference": "b58948f6244e07bfcc8c8b824862ce41b1dad0d3",
                "shasum": ""
            },
            "require": {
                "cboden/ratchet": "0.3.*",
                "php": ">=5.4",
                "react/socket-client": "0.4.*"
            },
            "type": "library",
            "autoload": {
                "psr-4": {
                    "Ratchet\\Client\\": "src"
                }
            },
            "notification-url": "https://packagist.org/downloads/",
            "license": [
                "MIT"
            ],
            "description": "Asynchronous WebSocket client",
            "keywords": [
                "Ratchet",
                "async",
                "client",
                "websocket"
            ],
            "time": "2014-11-09T20:47:17+00:00"
        },
        {
            "name": "react/cache",
            "version": "v0.4.1",
            "source": {
                "type": "git",
                "url": "https://github.com/reactphp/cache.git",
                "reference": "558f614891341b1d817a8cdf9a358948ec49638f"
            },
            "dist": {
                "type": "zip",
                "url": "https://api.github.com/repos/reactphp/cache/zipball/558f614891341b1d817a8cdf9a358948ec49638f",
                "reference": "558f614891341b1d817a8cdf9a358948ec49638f",
                "shasum": ""
            },
            "require": {
                "php": ">=5.3.0",
                "react/promise": "~2.0|~1.1"
            },
            "type": "library",
            "autoload": {
                "psr-4": {
                    "React\\Cache\\": "src\\"
                }
            },
            "notification-url": "https://packagist.org/downloads/",
            "license": [
                "MIT"
            ],
            "description": "Async caching.",
            "keywords": [
                "cache"
            ],
            "time": "2016-02-25T18:17:16+00:00"
        },
        {
            "name": "react/dns",
            "version": "v0.4.7",
            "source": {
                "type": "git",
                "url": "https://github.com/reactphp/dns.git",
                "reference": "e09ca286e3e18fea93317315dd7fc59d7963af8a"
            },
            "dist": {
                "type": "zip",
                "url": "https://api.github.com/repos/reactphp/dns/zipball/e09ca286e3e18fea93317315dd7fc59d7963af8a",
                "reference": "e09ca286e3e18fea93317315dd7fc59d7963af8a",
                "shasum": ""
            },
            "require": {
                "php": ">=5.3.0",
                "react/cache": "~0.4.0|~0.3.0",
                "react/promise": "~2.1|~1.2",
                "react/promise-timer": "~1.1",
                "react/socket": "^0.7 || ^0.6 || ^0.5 || ^0.4.4",
                "react/stream": "^0.6 || ^0.5 || ^0.4.5"
            },
            "require-dev": {
                "phpunit/phpunit": "^5.0 || ^4.8.10"
            },
            "type": "library",
            "autoload": {
                "psr-4": {
                    "React\\Dns\\": "src"
                }
            },
            "notification-url": "https://packagist.org/downloads/",
            "license": [
                "MIT"
            ],
            "description": "Async DNS resolver for ReactPHP",
            "keywords": [
                "dns",
                "dns-resolver"
            ],
            "time": "2017-03-31T16:21:48+00:00"
        },
        {
            "name": "react/event-loop",
            "version": "v0.4.2",
            "source": {
                "type": "git",
                "url": "https://github.com/reactphp/event-loop.git",
                "reference": "164799f73175e1c80bba92a220ea35df6ca371dd"
            },
            "dist": {
                "type": "zip",
                "url": "https://api.github.com/repos/reactphp/event-loop/zipball/164799f73175e1c80bba92a220ea35df6ca371dd",
                "reference": "164799f73175e1c80bba92a220ea35df6ca371dd",
                "shasum": ""
            },
            "require": {
                "php": ">=5.4.0"
            },
            "suggest": {
                "ext-event": "~1.0",
                "ext-libev": "*",
                "ext-libevent": ">=0.1.0"
            },
            "type": "library",
            "extra": {
                "branch-alias": {
                    "dev-master": "0.5-dev"
                }
            },
            "autoload": {
                "psr-4": {
                    "React\\EventLoop\\": "src"
                }
            },
            "notification-url": "https://packagist.org/downloads/",
            "license": [
                "MIT"
            ],
            "description": "Event loop abstraction layer that libraries can use for evented I/O.",
            "keywords": [
                "asynchronous",
                "event-loop"
            ],
            "time": "2016-03-08T02:09:32+00:00"
        },
        {
            "name": "react/promise",
            "version": "v2.5.1",
            "source": {
                "type": "git",
                "url": "https://github.com/reactphp/promise.git",
                "reference": "62785ae604c8d69725d693eb370e1d67e94c4053"
            },
            "dist": {
                "type": "zip",
                "url": "https://api.github.com/repos/reactphp/promise/zipball/62785ae604c8d69725d693eb370e1d67e94c4053",
                "reference": "62785ae604c8d69725d693eb370e1d67e94c4053",
                "shasum": ""
            },
            "require": {
                "php": ">=5.4.0"
            },
            "require-dev": {
                "phpunit/phpunit": "~4.8"
            },
            "type": "library",
            "autoload": {
                "psr-4": {
                    "React\\Promise\\": "src/"
                },
                "files": [
                    "src/functions_include.php"
                ]
            },
            "notification-url": "https://packagist.org/downloads/",
            "license": [
                "MIT"
            ],
            "authors": [
                {
                    "name": "Jan Sorgalla",
                    "email": "jsorgalla@gmail.com"
                }
            ],
            "description": "A lightweight implementation of CommonJS Promises/A for PHP",
            "keywords": [
                "promise",
                "promises"
            ],
            "time": "2017-03-25T12:08:31+00:00"
        },
        {
            "name": "react/promise-timer",
            "version": "v1.1.1",
            "source": {
                "type": "git",
                "url": "https://github.com/reactphp/promise-timer.git",
                "reference": "ddedc67bfd7f579fc83e66ff67e3564b179297dd"
            },
            "dist": {
                "type": "zip",
                "url": "https://api.github.com/repos/reactphp/promise-timer/zipball/ddedc67bfd7f579fc83e66ff67e3564b179297dd",
                "reference": "ddedc67bfd7f579fc83e66ff67e3564b179297dd",
                "shasum": ""
            },
            "require": {
                "php": ">=5.3",
                "react/event-loop": "~0.4.0|~0.3.0",
                "react/promise": "~2.1|~1.2"
            },
            "type": "library",
            "autoload": {
                "psr-4": {
                    "React\\Promise\\Timer\\": "src/"
                },
                "files": [
                    "src/functions.php"
                ]
            },
            "notification-url": "https://packagist.org/downloads/",
            "license": [
                "MIT"
            ],
            "authors": [
                {
                    "name": "Christian Lück",
                    "email": "christian@lueck.tv"
                }
            ],
            "description": "Trivial timeout implementation for Promises",
            "homepage": "https://github.com/react/promise-timer",
            "keywords": [
                "async",
                "event-loop",
                "promise",
                "reactphp",
                "timeout",
                "timer"
            ],
            "time": "2016-12-27T08:12:19+00:00"
        },
        {
            "name": "react/socket",
            "version": "v0.4.6",
            "source": {
                "type": "git",
                "url": "https://github.com/reactphp/socket.git",
                "reference": "cf074e53c974df52388ebd09710a9018894745d2"
            },
            "dist": {
                "type": "zip",
                "url": "https://api.github.com/repos/reactphp/socket/zipball/cf074e53c974df52388ebd09710a9018894745d2",
                "reference": "cf074e53c974df52388ebd09710a9018894745d2",
                "shasum": ""
            },
            "require": {
                "evenement/evenement": "~2.0|~1.0",
                "php": ">=5.3.0",
                "react/event-loop": "0.4.*|0.3.*",
                "react/promise": "^2.0 || ^1.1",
                "react/stream": "^0.4.5"
            },
            "require-dev": {
                "clue/block-react": "^1.1",
                "phpunit/phpunit": "~4.8",
                "react/socket-client": "^0.5.1"
            },
            "type": "library",
            "autoload": {
                "psr-4": {
                    "React\\Socket\\": "src"
                }
            },
            "notification-url": "https://packagist.org/downloads/",
            "license": [
                "MIT"
            ],
            "description": "Async, streaming plaintext TCP/IP and secure TLS socket server for React PHP",
            "keywords": [
                "Socket"
            ],
            "time": "2017-01-26T09:23:38+00:00"
        },
        {
            "name": "react/socket-client",
            "version": "v0.4.6",
            "source": {
                "type": "git",
                "url": "https://github.com/reactphp/socket-client.git",
                "reference": "49e730523b73d912e56f7a41f53ed3fc083ae167"
            },
            "dist": {
                "type": "zip",
                "url": "https://api.github.com/repos/reactphp/socket-client/zipball/49e730523b73d912e56f7a41f53ed3fc083ae167",
                "reference": "49e730523b73d912e56f7a41f53ed3fc083ae167",
                "shasum": ""
            },
            "require": {
                "php": ">=5.4.0",
                "react/dns": "0.4.*",
                "react/event-loop": "0.4.*",
                "react/promise": "~2.0",
                "react/stream": "0.4.*"
            },
            "type": "library",
            "extra": {
                "branch-alias": {
                    "dev-master": "0.4-dev"
                }
            },
            "autoload": {
                "psr-4": {
                    "React\\SocketClient\\": "src"
                }
            },
            "notification-url": "https://packagist.org/downloads/",
            "license": [
                "MIT"
            ],
            "description": "Async connector to open TCP/IP and SSL/TLS based connections.",
            "keywords": [
                "Socket"
            ],
            "time": "2016-12-06T10:54:49+00:00"
        },
        {
            "name": "react/stream",
            "version": "v0.4.6",
            "source": {
                "type": "git",
                "url": "https://github.com/reactphp/stream.git",
                "reference": "44dc7f51ea48624110136b535b9ba44fd7d0c1ee"
            },
            "dist": {
                "type": "zip",
                "url": "https://api.github.com/repos/reactphp/stream/zipball/44dc7f51ea48624110136b535b9ba44fd7d0c1ee",
                "reference": "44dc7f51ea48624110136b535b9ba44fd7d0c1ee",
                "shasum": ""
            },
            "require": {
                "evenement/evenement": "^2.0|^1.0",
                "php": ">=5.3.8"
            },
            "require-dev": {
                "clue/stream-filter": "~1.2",
                "react/event-loop": "^0.4|^0.3",
                "react/promise": "^2.0|^1.0"
            },
            "suggest": {
                "react/event-loop": "^0.4",
                "react/promise": "^2.0"
            },
            "type": "library",
            "autoload": {
                "psr-4": {
                    "React\\Stream\\": "src"
                }
            },
            "notification-url": "https://packagist.org/downloads/",
            "license": [
                "MIT"
            ],
            "description": "Basic readable and writable stream interfaces that support piping.",
            "keywords": [
                "pipe",
                "stream"
            ],
            "time": "2017-01-25T14:44:14+00:00"
        },
        {
            "name": "silex/api",
            "version": "v2.0.4",
            "source": {
                "type": "git",
                "url": "https://github.com/silexphp/Silex-Api.git",
                "reference": "8b2dfdd2e05aff84de24a3cb339927a6468db780"
            },
            "dist": {
                "type": "zip",
                "url": "https://api.github.com/repos/silexphp/Silex-Api/zipball/8b2dfdd2e05aff84de24a3cb339927a6468db780",
                "reference": "8b2dfdd2e05aff84de24a3cb339927a6468db780",
                "shasum": ""
            },
            "require": {
                "php": ">=5.5.9",
                "pimple/pimple": "~3.0"
            },
            "suggest": {
                "silex/silex": "For BootableProviderInterface and ControllerProviderInterface",
                "symfony/event-dispatcher": "For EventListenerProviderInterface"
            },
            "type": "library",
            "extra": {
                "branch-alias": {
                    "dev-master": "2.0.x-dev"
                }
            },
            "autoload": {
                "psr-4": {
                    "Silex\\Api\\": ""
                }
            },
            "notification-url": "https://packagist.org/downloads/",
            "license": [
                "MIT"
            ],
            "authors": [
                {
                    "name": "Fabien Potencier",
                    "email": "fabien@symfony.com"
                },
                {
                    "name": "Igor Wiedler",
                    "email": "igor@wiedler.ch"
                }
            ],
            "description": "The Silex interfaces",
            "homepage": "http://silex.sensiolabs.org",
            "keywords": [
                "microframework"
            ],
            "time": "2016-05-03T10:03:58+00:00"
        },
        {
            "name": "symfony/console",
            "version": "v3.2.6",
            "source": {
                "type": "git",
                "url": "https://github.com/symfony/console.git",
                "reference": "28fb243a2b5727774ca309ec2d92da240f1af0dd"
            },
            "dist": {
                "type": "zip",
                "url": "https://api.github.com/repos/symfony/console/zipball/28fb243a2b5727774ca309ec2d92da240f1af0dd",
                "reference": "28fb243a2b5727774ca309ec2d92da240f1af0dd",
                "shasum": ""
            },
            "require": {
                "php": ">=5.5.9",
                "symfony/debug": "~2.8|~3.0",
                "symfony/polyfill-mbstring": "~1.0"
            },
            "require-dev": {
                "psr/log": "~1.0",
                "symfony/event-dispatcher": "~2.8|~3.0",
                "symfony/filesystem": "~2.8|~3.0",
                "symfony/process": "~2.8|~3.0"
            },
            "suggest": {
                "psr/log": "For using the console logger",
                "symfony/event-dispatcher": "",
                "symfony/filesystem": "",
                "symfony/process": ""
            },
            "type": "library",
            "extra": {
                "branch-alias": {
                    "dev-master": "3.2-dev"
                }
            },
            "autoload": {
                "psr-4": {
                    "Symfony\\Component\\Console\\": ""
                },
                "exclude-from-classmap": [
                    "/Tests/"
                ]
            },
            "notification-url": "https://packagist.org/downloads/",
            "license": [
                "MIT"
            ],
            "authors": [
                {
                    "name": "Fabien Potencier",
                    "email": "fabien@symfony.com"
                },
                {
                    "name": "Symfony Community",
                    "homepage": "https://symfony.com/contributors"
                }
            ],
            "description": "Symfony Console Component",
            "homepage": "https://symfony.com",
            "time": "2017-03-06T19:30:27+00:00"
        },
        {
            "name": "symfony/debug",
            "version": "v3.2.6",
            "source": {
                "type": "git",
                "url": "https://github.com/symfony/debug.git",
                "reference": "b90c9f91ad8ac37d9f114e369042d3226b34dc1a"
            },
            "dist": {
                "type": "zip",
                "url": "https://api.github.com/repos/symfony/debug/zipball/b90c9f91ad8ac37d9f114e369042d3226b34dc1a",
                "reference": "b90c9f91ad8ac37d9f114e369042d3226b34dc1a",
                "shasum": ""
            },
            "require": {
                "php": ">=5.5.9",
                "psr/log": "~1.0"
            },
            "conflict": {
                "symfony/http-kernel": ">=2.3,<2.3.24|~2.4.0|>=2.5,<2.5.9|>=2.6,<2.6.2"
            },
            "require-dev": {
                "symfony/class-loader": "~2.8|~3.0",
                "symfony/http-kernel": "~2.8|~3.0"
            },
            "type": "library",
            "extra": {
                "branch-alias": {
                    "dev-master": "3.2-dev"
                }
            },
            "autoload": {
                "psr-4": {
                    "Symfony\\Component\\Debug\\": ""
                },
                "exclude-from-classmap": [
                    "/Tests/"
                ]
            },
            "notification-url": "https://packagist.org/downloads/",
            "license": [
                "MIT"
            ],
            "authors": [
                {
                    "name": "Fabien Potencier",
                    "email": "fabien@symfony.com"
                },
                {
                    "name": "Symfony Community",
                    "homepage": "https://symfony.com/contributors"
                }
            ],
            "description": "Symfony Debug Component",
            "homepage": "https://symfony.com",
            "time": "2017-02-18T17:28:00+00:00"
        },
        {
            "name": "symfony/event-dispatcher",
            "version": "v2.8.18",
            "source": {
                "type": "git",
                "url": "https://github.com/symfony/event-dispatcher.git",
                "reference": "bb4ec47e8e109c1c1172145732d0aa468d967cd0"
            },
            "dist": {
                "type": "zip",
                "url": "https://api.github.com/repos/symfony/event-dispatcher/zipball/bb4ec47e8e109c1c1172145732d0aa468d967cd0",
                "reference": "bb4ec47e8e109c1c1172145732d0aa468d967cd0",
                "shasum": ""
            },
            "require": {
                "php": ">=5.3.9"
            },
            "require-dev": {
                "psr/log": "~1.0",
                "symfony/config": "^2.0.5|~3.0.0",
                "symfony/dependency-injection": "~2.6|~3.0.0",
                "symfony/expression-language": "~2.6|~3.0.0",
                "symfony/stopwatch": "~2.3|~3.0.0"
            },
            "suggest": {
                "symfony/dependency-injection": "",
                "symfony/http-kernel": ""
            },
            "type": "library",
            "extra": {
                "branch-alias": {
                    "dev-master": "2.8-dev"
                }
            },
            "autoload": {
                "psr-4": {
                    "Symfony\\Component\\EventDispatcher\\": ""
                },
                "exclude-from-classmap": [
                    "/Tests/"
                ]
            },
            "notification-url": "https://packagist.org/downloads/",
            "license": [
                "MIT"
            ],
            "authors": [
                {
                    "name": "Fabien Potencier",
                    "email": "fabien@symfony.com"
                },
                {
                    "name": "Symfony Community",
                    "homepage": "https://symfony.com/contributors"
                }
            ],
            "description": "Symfony EventDispatcher Component",
            "homepage": "https://symfony.com",
            "time": "2017-02-21T08:33:48+00:00"
        },
        {
            "name": "symfony/http-foundation",
            "version": "v3.2.6",
            "source": {
                "type": "git",
                "url": "https://github.com/symfony/http-foundation.git",
                "reference": "c57009887010eb4e58bfca2970314a5b820b24b9"
            },
            "dist": {
                "type": "zip",
                "url": "https://api.github.com/repos/symfony/http-foundation/zipball/c57009887010eb4e58bfca2970314a5b820b24b9",
                "reference": "c57009887010eb4e58bfca2970314a5b820b24b9",
                "shasum": ""
            },
            "require": {
                "php": ">=5.5.9",
                "symfony/polyfill-mbstring": "~1.1"
            },
            "require-dev": {
                "symfony/expression-language": "~2.8|~3.0"
            },
            "type": "library",
            "extra": {
                "branch-alias": {
                    "dev-master": "3.2-dev"
                }
            },
            "autoload": {
                "psr-4": {
                    "Symfony\\Component\\HttpFoundation\\": ""
                },
                "exclude-from-classmap": [
                    "/Tests/"
                ]
            },
            "notification-url": "https://packagist.org/downloads/",
            "license": [
                "MIT"
            ],
            "authors": [
                {
                    "name": "Fabien Potencier",
                    "email": "fabien@symfony.com"
                },
                {
                    "name": "Symfony Community",
                    "homepage": "https://symfony.com/contributors"
                }
            ],
            "description": "Symfony HttpFoundation Component",
            "homepage": "https://symfony.com",
            "time": "2017-03-04T12:23:14+00:00"
        },
        {
            "name": "symfony/polyfill-mbstring",
            "version": "v1.3.0",
            "source": {
                "type": "git",
                "url": "https://github.com/symfony/polyfill-mbstring.git",
                "reference": "e79d363049d1c2128f133a2667e4f4190904f7f4"
            },
            "dist": {
                "type": "zip",
                "url": "https://api.github.com/repos/symfony/polyfill-mbstring/zipball/e79d363049d1c2128f133a2667e4f4190904f7f4",
                "reference": "e79d363049d1c2128f133a2667e4f4190904f7f4",
                "shasum": ""
            },
            "require": {
                "php": ">=5.3.3"
            },
            "suggest": {
                "ext-mbstring": "For best performance"
            },
            "type": "library",
            "extra": {
                "branch-alias": {
                    "dev-master": "1.3-dev"
                }
            },
            "autoload": {
                "psr-4": {
                    "Symfony\\Polyfill\\Mbstring\\": ""
                },
                "files": [
                    "bootstrap.php"
                ]
            },
            "notification-url": "https://packagist.org/downloads/",
            "license": [
                "MIT"
            ],
            "authors": [
                {
                    "name": "Nicolas Grekas",
                    "email": "p@tchwork.com"
                },
                {
                    "name": "Symfony Community",
                    "homepage": "https://symfony.com/contributors"
                }
            ],
            "description": "Symfony polyfill for the Mbstring extension",
            "homepage": "https://symfony.com",
            "keywords": [
                "compatibility",
                "mbstring",
                "polyfill",
                "portable",
                "shim"
            ],
            "time": "2016-11-14T01:06:16+00:00"
        },
        {
            "name": "symfony/process",
            "version": "v3.2.6",
            "source": {
                "type": "git",
                "url": "https://github.com/symfony/process.git",
                "reference": "68bfa8c83f24c0ac04ea7193bcdcda4519f41892"
            },
            "dist": {
                "type": "zip",
                "url": "https://api.github.com/repos/symfony/process/zipball/68bfa8c83f24c0ac04ea7193bcdcda4519f41892",
                "reference": "68bfa8c83f24c0ac04ea7193bcdcda4519f41892",
                "shasum": ""
            },
            "require": {
                "php": ">=5.5.9"
            },
            "type": "library",
            "extra": {
                "branch-alias": {
                    "dev-master": "3.2-dev"
                }
            },
            "autoload": {
                "psr-4": {
                    "Symfony\\Component\\Process\\": ""
                },
                "exclude-from-classmap": [
                    "/Tests/"
                ]
            },
            "notification-url": "https://packagist.org/downloads/",
            "license": [
                "MIT"
            ],
            "authors": [
                {
                    "name": "Fabien Potencier",
                    "email": "fabien@symfony.com"
                },
                {
                    "name": "Symfony Community",
                    "homepage": "https://symfony.com/contributors"
                }
            ],
            "description": "Symfony Process Component",
            "homepage": "https://symfony.com",
            "time": "2017-03-04T12:23:14+00:00"
        },
        {
            "name": "symfony/routing",
            "version": "v3.2.6",
            "source": {
                "type": "git",
                "url": "https://github.com/symfony/routing.git",
                "reference": "d6605f9a5767bc5bc4895e1c762ba93964608aee"
            },
            "dist": {
                "type": "zip",
                "url": "https://api.github.com/repos/symfony/routing/zipball/d6605f9a5767bc5bc4895e1c762ba93964608aee",
                "reference": "d6605f9a5767bc5bc4895e1c762ba93964608aee",
                "shasum": ""
            },
            "require": {
                "php": ">=5.5.9"
            },
            "conflict": {
                "symfony/config": "<2.8"
            },
            "require-dev": {
                "doctrine/annotations": "~1.0",
                "doctrine/common": "~2.2",
                "psr/log": "~1.0",
                "symfony/config": "~2.8|~3.0",
                "symfony/expression-language": "~2.8|~3.0",
                "symfony/http-foundation": "~2.8|~3.0",
                "symfony/yaml": "~2.8|~3.0"
            },
            "suggest": {
                "doctrine/annotations": "For using the annotation loader",
                "symfony/config": "For using the all-in-one router or any loader",
                "symfony/dependency-injection": "For loading routes from a service",
                "symfony/expression-language": "For using expression matching",
                "symfony/http-foundation": "For using a Symfony Request object",
                "symfony/yaml": "For using the YAML loader"
            },
            "type": "library",
            "extra": {
                "branch-alias": {
                    "dev-master": "3.2-dev"
                }
            },
            "autoload": {
                "psr-4": {
                    "Symfony\\Component\\Routing\\": ""
                },
                "exclude-from-classmap": [
                    "/Tests/"
                ]
            },
            "notification-url": "https://packagist.org/downloads/",
            "license": [
                "MIT"
            ],
            "authors": [
                {
                    "name": "Fabien Potencier",
                    "email": "fabien@symfony.com"
                },
                {
                    "name": "Symfony Community",
                    "homepage": "https://symfony.com/contributors"
                }
            ],
            "description": "Symfony Routing Component",
            "homepage": "https://symfony.com",
            "keywords": [
                "router",
                "routing",
                "uri",
                "url"
            ],
            "time": "2017-03-02T15:58:09+00:00"
        },
        {
            "name": "voryx/thruway",
            "version": "0.4.2",
            "source": {
                "type": "git",
                "url": "https://github.com/voryx/Thruway.git",
                "reference": "2d1750ce6a9e2e0d62a98d9459326b81bf0220ae"
            },
            "dist": {
                "type": "zip",
                "url": "https://api.github.com/repos/voryx/Thruway/zipball/2d1750ce6a9e2e0d62a98d9459326b81bf0220ae",
                "reference": "2d1750ce6a9e2e0d62a98d9459326b81bf0220ae",
                "shasum": ""
            },
            "require": {
                "cboden/ratchet": "0.3.*",
                "guzzle/guzzle": "~3.9",
                "php": ">=5.4",
                "psr/log": "~1",
                "ratchet/pawl": "0.1.*",
                "react/socket": "0.4.*"
            },
            "suggest": {
                "ext-mcrypt": "If you want to use WAMP-CRA for authentication"
            },
            "type": "library",
            "extra": {
                "branch-alias": {
                    "dev-master": "0.4-dev"
                }
            },
            "autoload": {
                "psr-4": {
                    "Thruway\\": "src/Thruway/"
                }
            },
            "notification-url": "https://packagist.org/downloads/",
            "license": [
                "MIT"
            ],
            "authors": [
                {
                    "name": "Matt Bonneau",
                    "email": "matt@bonneau.net",
                    "role": "Developer"
                },
                {
                    "name": "David Dan",
                    "email": "davidwdan@gmail.com",
                    "role": "Developer"
                }
            ],
            "description": "PHP WAMP2 library",
            "keywords": [
                "Autobahn",
                "WAMP",
                "WAMP2",
                "WebSockets",
                "client",
                "server",
                "sockets"
            ],
            "time": "2016-01-28T16:59:45+00:00"
        }
    ],
    "packages-dev": [],
    "aliases": [],
    "minimum-stability": "dev",
    "stability-flags": [],
    "prefer-stable": true,
    "prefer-lowest": false,
    "platform": [],
    "platform-dev": []
}
